
Microsoft Visual Studio Solution File, Format Version 12.00
# Visual Studio Version 17
VisualStudioVersion = 17.0.32112.339
MinimumVisualStudioVersion = 10.0.40219.1
Project("{8BC9CEB8-8B4A-11D0-8D11-00A0C91BC942}") = "Example", "Example.vcxproj", "{0A944BB3-8933-4E2A-A1C7-159E72863F06}"
EndProject
Global
	GlobalSection(SolutionConfigurationPlatforms) = preSolution
		Debug|x64 = Debug|x64
		Debug|x86 = Debug|x86
		Release|x64 = Release|x64
		Release|x86 = Release|x86
	EndGlobalSection
	GlobalSection(ProjectConfigurationPlatforms) = postSolution
		{0A944BB3-8933-4E2A-A1C7-159E72863F06}.Debug|x64.ActiveCfg = Debug|x64
		{0A944BB3-8933-4E2A-A1C7-159E72863F06}.Debug|x64.Build.0 = Debug|x64
		{0A944BB3-8933-4E2A-A1C7-159E72863F06}.Debug|x86.ActiveCfg = Debug|Win32
		{0A944BB3-8933-4E2A-A1C7-159E72863F06}.Debug|x86.Build.0 = Debug|Win32
		{0A944BB3-8933-4E2A-A1C7-159E72863F06}.Release|x64.ActiveCfg = Release|x64
		{0A944BB3-8933-4E2A-A1C7-159E72863F06}.Release|x64.Build.0 = Release|x64
		{0A944BB3-8933-4E2A-A1C7-159E72863F06}.Release|x86.ActiveCfg = Release|Win32
		{0A944BB3-8933-4E2A-A1C7-159E72863F06}.Release|x86.Build.0 = Release|Win32
	EndGlobalSection
	GlobalSection(SolutionProperties) = preSolution
		HideSolutionNode = FALSE
	EndGlobalSection
	GlobalSection(ExtensibilityGlobals) = postSolution
		SolutionGuid = {3F80C973-34F6-4ECF-84C4-44DC723D9968}
	EndGlobalSection
EndGlobal
